
Microsoft Visual Studio Solution File, Format Version 12.00
Project("{2150E333-8FDC-42A3-9474-1A3956D46DE8}") = "src", "src", "{BC76C04A-ACE5-4C39-ADB5-1011909D1E38}"
EndProject
Project("{2150E333-8FDC-42A3-9474-1A3956D46DE8}") = "tests", "tests", "{9B534AA3-357A-4F0B-A0B5-679685FD6648}"
EndProject
Project("{FAE04EC0-301F-11D3-BF4B-00C04F79EFBC}") = "Mimic.Domain", "Mimic.Domain\Mimic.Domain.csproj", "{85F5E1BC-D04F-4072-8F85-28BAFD8CB966}"
EndProject
Project("{FAE04EC0-301F-11D3-BF4B-00C04F79EFBC}") = "Mimic.DomainUnitTests", "Mimic.DomainUnitTests\Mimic.DomainUnitTests.csproj", "{B9AF72EF-9EAB-479E-AED4-B2E745973EC6}"
EndProject
Project("{FAE04EC0-301F-11D3-BF4B-00C04F79EFBC}") = "Mimic.DomainIntegrationTests", "Mimic.DomainIntegrationTests\Mimic.DomainIntegrationTests.csproj", "{90CC92B5-34BF-4C3B-B6C3-D3CD0468062A}"
EndProject
Project("{FAE04EC0-301F-11D3-BF4B-00C04F79EFBC}") = "Mimic.Api", "Mimic.Api\Mimic.Api.csproj", "{D4E99007-000B-4CD9-81CE-A8AF305B8983}"
EndProject
Project("{FAE04EC0-301F-11D3-BF4B-00C04F79EFBC}") = "Mimic.Contracts", "Mimic.Contracts\Mimic.Contracts.csproj", "{B7360BC3-0715-48EB-966C-B4D92360E094}"
EndProject
Project("{FAE04EC0-301F-11D3-BF4B-00C04F79EFBC}") = "Mimic.Application", "Mimic.Application\Mimic.Application.csproj", "{2649BF43-FCCB-4BBC-894A-2D2D01079FCC}"
EndProject
Global
	GlobalSection(SolutionConfigurationPlatforms) = preSolution
		Debug|Any CPU = Debug|Any CPU
		Release|Any CPU = Release|Any CPU
	EndGlobalSection
	GlobalSection(NestedProjects) = preSolution
		{85F5E1BC-D04F-4072-8F85-28BAFD8CB966} = {BC76C04A-ACE5-4C39-ADB5-1011909D1E38}
		{B9AF72EF-9EAB-479E-AED4-B2E745973EC6} = {9B534AA3-357A-4F0B-A0B5-679685FD6648}
		{90CC92B5-34BF-4C3B-B6C3-D3CD0468062A} = {9B534AA3-357A-4F0B-A0B5-679685FD6648}
		{D4E99007-000B-4CD9-81CE-A8AF305B8983} = {BC76C04A-ACE5-4C39-ADB5-1011909D1E38}
		{B7360BC3-0715-48EB-966C-B4D92360E094} = {BC76C04A-ACE5-4C39-ADB5-1011909D1E38}
		{2649BF43-FCCB-4BBC-894A-2D2D01079FCC} = {BC76C04A-ACE5-4C39-ADB5-1011909D1E38}
	EndGlobalSection
	GlobalSection(ProjectConfigurationPlatforms) = postSolution
		{85F5E1BC-D04F-4072-8F85-28BAFD8CB966}.Debug|Any CPU.ActiveCfg = Debug|Any CPU
		{85F5E1BC-D04F-4072-8F85-28BAFD8CB966}.Debug|Any CPU.Build.0 = Debug|Any CPU
		{85F5E1BC-D04F-4072-8F85-28BAFD8CB966}.Release|Any CPU.ActiveCfg = Release|Any CPU
		{85F5E1BC-D04F-4072-8F85-28BAFD8CB966}.Release|Any CPU.Build.0 = Release|Any CPU
		{B9AF72EF-9EAB-479E-AED4-B2E745973EC6}.Debug|Any CPU.ActiveCfg = Debug|Any CPU
		{B9AF72EF-9EAB-479E-AED4-B2E745973EC6}.Debug|Any CPU.Build.0 = Debug|Any CPU
		{B9AF72EF-9EAB-479E-AED4-B2E745973EC6}.Release|Any CPU.ActiveCfg = Release|Any CPU
		{B9AF72EF-9EAB-479E-AED4-B2E745973EC6}.Release|Any CPU.Build.0 = Release|Any CPU
		{90CC92B5-34BF-4C3B-B6C3-D3CD0468062A}.Debug|Any CPU.ActiveCfg = Debug|Any CPU
		{90CC92B5-34BF-4C3B-B6C3-D3CD0468062A}.Debug|Any CPU.Build.0 = Debug|Any CPU
		{90CC92B5-34BF-4C3B-B6C3-D3CD0468062A}.Release|Any CPU.ActiveCfg = Release|Any CPU
		{90CC92B5-34BF-4C3B-B6C3-D3CD0468062A}.Release|Any CPU.Build.0 = Release|Any CPU
		{D4E99007-000B-4CD9-81CE-A8AF305B8983}.Debug|Any CPU.ActiveCfg = Debug|Any CPU
		{D4E99007-000B-4CD9-81CE-A8AF305B8983}.Debug|Any CPU.Build.0 = Debug|Any CPU
		{D4E99007-000B-4CD9-81CE-A8AF305B8983}.Release|Any CPU.ActiveCfg = Release|Any CPU
		{D4E99007-000B-4CD9-81CE-A8AF305B8983}.Release|Any CPU.Build.0 = Release|Any CPU
		{B7360BC3-0715-48EB-966C-B4D92360E094}.Debug|Any CPU.ActiveCfg = Debug|Any CPU
		{B7360BC3-0715-48EB-966C-B4D92360E094}.Debug|Any CPU.Build.0 = Debug|Any CPU
		{B7360BC3-0715-48EB-966C-B4D92360E094}.Release|Any CPU.ActiveCfg = Release|Any CPU
		{B7360BC3-0715-48EB-966C-B4D92360E094}.Release|Any CPU.Build.0 = Release|Any CPU
		{2649BF43-FCCB-4BBC-894A-2D2D01079FCC}.Debug|Any CPU.ActiveCfg = Debug|Any CPU
		{2649BF43-FCCB-4BBC-894A-2D2D01079FCC}.Debug|Any CPU.Build.0 = Debug|Any CPU
		{2649BF43-FCCB-4BBC-894A-2D2D01079FCC}.Release|Any CPU.ActiveCfg = Release|Any CPU
		{2649BF43-FCCB-4BBC-894A-2D2D01079FCC}.Release|Any CPU.Build.0 = Release|Any CPU
	EndGlobalSection
EndGlobal
